
Microsoft Visual Studio Solution File, Format Version 12.00
# Visual Studio Version 16
VisualStudioVersion = 16.0.31112.23
MinimumVisualStudioVersion = 10.0.40219.1
Project("{FAE04EC0-301F-11D3-BF4B-00C04F79EFBC}") = "Proje1", "Proje1\Proje1.csproj", "{978423CA-E07D-4B8F-82AE-761D532BD0C9}"
EndProject
Global
	GlobalSection(SolutionConfigurationPlatforms) = preSolution
		Debug|Any CPU = Debug|Any CPU
		Release|Any CPU = Release|Any CPU
	EndGlobalSection
	GlobalSection(ProjectConfigurationPlatforms) = postSolution
		{978423CA-E07D-4B8F-82AE-761D532BD0C9}.Debug|Any CPU.ActiveCfg = Debug|Any CPU
		{978423CA-E07D-4B8F-82AE-761D532BD0C9}.Debug|Any CPU.Build.0 = Debug|Any CPU
		{978423CA-E07D-4B8F-82AE-761D532BD0C9}.Release|Any CPU.ActiveCfg = Release|Any CPU
		{978423CA-E07D-4B8F-82AE-761D532BD0C9}.Release|Any CPU.Build.0 = Release|Any CPU
	EndGlobalSection
	GlobalSection(SolutionProperties) = preSolution
		HideSolutionNode = FALSE
	EndGlobalSection
	GlobalSection(ExtensibilityGlobals) = postSolution
		SolutionGuid = {890D13A8-8B47-4AEB-8052-A85B74424A99}
	EndGlobalSection
EndGlobal
